<?xml version="1.0" encoding="utf-8"?>
<Project ToolsVersion="4.0" xmlns="http://schemas.microsoft.com/developer/msbuild/2003">
  <ItemGroup>
    <Filter Include="Pliki źródłowe">
      <UniqueIdentifier>{4FC737F1-C7A5-4376-A066-2A32D752A2FF}</UniqueIdentifier>
      <Extensions>cpp;c;cc;cxx;def;odl;idl;hpj;bat;asm;asmx</Extensions>
    </Filter>
    <Filter Include="Pliki nagłówkowe">
      <UniqueIdentifier>{93995380-89BD-4b04-88EB-625FBE52EBFB}</UniqueIdentifier>
      <Extensions>h;hh;hpp;hxx;hm;inl;inc;ipp;xsd</Extensions>
    </Filter>
    <Filter Include="Pliki zasobów">
      <UniqueIdentifier>{67DA6AB6-F800-4c08-8B7A-83BB121AAD01}</UniqueIdentifier>
      <Extensions>rc;ico;cur;bmp;dlg;rc2;rct;bin;rgs;gif;jpg;jpeg;jpe;resx;tiff;tif;png;wav;mfcribbon-ms</Extensions>
    </Filter>
    <Filter Include="Pliki źródłowe\Classes">
      <UniqueIdentifier>{2fa0a9d7-7304-4515-9107-20f9b138173e}</UniqueIdentifier>
    </Filter>
    <Filter Include="Pliki nagłówkowe\Preprocessor">
      <UniqueIdentifier>{2bad9452-8ec7-4402-bd88-010b59c3a5c8}</UniqueIdentifier>
    </Filter>
    <Filter Include="Pliki źródłowe\Exceptions">
      <UniqueIdentifier>{ff6d7cfe-6e5d-4f76-8801-5d31d3295c67}</UniqueIdentifier>
    </Filter>
    <Filter Include="Pliki źródłowe\Shaders">
      <UniqueIdentifier>{e21cf9f9-6634-4e1f-bfd0-87a2579bf165}</UniqueIdentifier>
    </Filter>
    <Filter Include="Pliki źródłowe\Classes\Lights">
      <UniqueIdentifier>{0b49947f-a2d7-47de-a0cc-67c8d165b680}</UniqueIdentifier>
    </Filter>
    <Filter Include="Pliki źródłowe\Classes\CameraControllers">
      <UniqueIdentifier>{febb54d9-8d31-4371-be37-fdc496f72d20}</UniqueIdentifier>
    </Filter>
    <Filter Include="Pliki źródłowe\Classes\Skybox">
      <UniqueIdentifier>{021b54a1-e9ab-48fe-b44c-f5d5982e8858}</UniqueIdentifier>
    </Filter>
    <Filter Include="Pliki źródłowe\Classes\Entities">
      <UniqueIdentifier>{9ebafd40-5592-47db-8a04-c56f1fe7a15b}</UniqueIdentifier>
    </Filter>
    <Filter Include="Pliki źródłowe\Classes\Entities\User-defined">
      <UniqueIdentifier>{b2cc7870-12df-45cb-b09d-0bba5ab65782}</UniqueIdentifier>
    </Filter>
    <Filter Include="Pliki źródłowe\Classes\Entities\User-defined\Terrains">
      <UniqueIdentifier>{af978c17-420a-4561-8d76-f7a379388ce3}</UniqueIdentifier>
    </Filter>
    <Filter Include="Pliki źródłowe\Classes\Entities\User-defined\Terrains\DynamicQuadtreeLOD">
      <UniqueIdentifier>{63b7bb85-c92a-4d55-b5f1-2f3ae2360ce7}</UniqueIdentifier>
    </Filter>
    <Filter Include="Pliki źródłowe\Classes\Engine">
      <UniqueIdentifier>{554a4fec-19c6-4143-a29d-32b5b438f0f0}</UniqueIdentifier>
    </Filter>
    <Filter Include="Pliki źródłowe\Classes\Engine\Engine properties">
      <UniqueIdentifier>{a542e1f6-4455-4677-84b6-36efda4b60a9}</UniqueIdentifier>
    </Filter>
    <Filter Include="Pliki źródłowe\Classes\Engine\Data processing pipeline">
      <UniqueIdentifier>{aaea24b7-2df9-42d7-9a3c-cefb369d4b9f}</UniqueIdentifier>
    </Filter>
  </ItemGroup>
  <ItemGroup>
    <ClCompile Include="InitializationException.cpp">
      <Filter>Pliki źródłowe\Exceptions</Filter>
    </ClCompile>
    <ClCompile Include="Light.cpp">
      <Filter>Pliki źródłowe\Classes\Lights</Filter>
    </ClCompile>
    <ClCompile Include="LightDirectional.cpp">
      <Filter>Pliki źródłowe\Classes\Lights</Filter>
    </ClCompile>
    <ClCompile Include="LightPoint.cpp">
      <Filter>Pliki źródłowe\Classes\Lights</Filter>
    </ClCompile>
    <ClCompile Include="LightManager.cpp">
      <Filter>Pliki źródłowe\Classes\Lights</Filter>
    </ClCompile>
    <ClCompile Include="FirstPersonCameraController.cpp">
      <Filter>Pliki źródłowe\Classes\CameraControllers</Filter>
    </ClCompile>
    <ClCompile Include="CameraController.cpp">
      <Filter>Pliki źródłowe\Classes\CameraControllers</Filter>
    </ClCompile>
    <ClCompile Include="OverviewCameraController.cpp">
      <Filter>Pliki źródłowe\Classes\CameraControllers</Filter>
    </ClCompile>
    <ClCompile Include="Terrain.cpp">
      <Filter>Pliki źródłowe\Classes\Entities\User-defined\Terrains</Filter>
    </ClCompile>
    <ClCompile Include="FlatTerrain.cpp">
      <Filter>Pliki źródłowe\Classes\Entities\User-defined\Terrains</Filter>
    </ClCompile>
    <ClCompile Include="SimpleTerrain.cpp">
      <Filter>Pliki źródłowe\Classes\Entities\User-defined\Terrains</Filter>
    </ClCompile>
    <ClCompile Include="RandomTerrain.cpp">
      <Filter>Pliki źródłowe\Classes\Entities\User-defined\Terrains</Filter>
    </ClCompile>
    <ClCompile Include="WaterTerrain.cpp">
      <Filter>Pliki źródłowe\Classes\Entities\User-defined\Terrains</Filter>
    </ClCompile>
    <ClCompile Include="DynamicTerrain.cpp">
      <Filter>Pliki źródłowe\Classes\Entities\User-defined\Terrains</Filter>
    </ClCompile>
    <ClCompile Include="QuadTreeLOD.cpp">
      <Filter>Pliki źródłowe\Classes\Entities\User-defined\Terrains\DynamicQuadtreeLOD</Filter>
    </ClCompile>
    <ClCompile Include="Quad.cpp">
      <Filter>Pliki źródłowe\Classes\Entities\User-defined\Terrains\DynamicQuadtreeLOD</Filter>
    </ClCompile>
    <ClCompile Include="QuadPoint.cpp">
      <Filter>Pliki źródłowe\Classes\Entities\User-defined\Terrains\DynamicQuadtreeLOD</Filter>
    </ClCompile>
    <ClCompile Include="Skybox.cpp">
      <Filter>Pliki źródłowe\Classes\Skybox</Filter>
    </ClCompile>
    <ClCompile Include="SimplexTerrainChunk.cpp">
      <Filter>Pliki źródłowe\Classes\Entities\User-defined\Terrains</Filter>
    </ClCompile>
    <ClCompile Include="Shader.cpp">
      <Filter>Pliki źródłowe\Shaders</Filter>
    </ClCompile>
    <ClCompile Include="ShaderManager.cpp">
      <Filter>Pliki źródłowe\Shaders</Filter>
    </ClCompile>
    <ClCompile Include="InputManager.cpp">
      <Filter>Pliki źródłowe\Classes\CameraControllers</Filter>
    </ClCompile>
    <ClCompile Include="SimplexNoise.cpp">
      <Filter>Pliki źródłowe\Classes\Entities\User-defined\Terrains</Filter>
    </ClCompile>
    <ClCompile Include="EntityType.cpp">
      <Filter>Pliki źródłowe\Classes\Entities</Filter>
    </ClCompile>
    <ClCompile Include="RenderedEntityType.cpp">
      <Filter>Pliki źródłowe\Classes\Entities</Filter>
    </ClCompile>
    <ClCompile Include="LightsManager.cpp">
      <Filter>Pliki źródłowe\Classes\Lights</Filter>
    </ClCompile>
    <ClCompile Include="SafeTaskQueue.cpp">
      <Filter>Pliki źródłowe\Classes\Engine\Data processing pipeline</Filter>
    </ClCompile>
    <ClCompile Include="Engine.cpp">
      <Filter>Pliki źródłowe\Classes\Engine</Filter>
    </ClCompile>
  </ItemGroup>
  <ItemGroup>
    <ClInclude Include="Constants.h">
      <Filter>Pliki nagłówkowe\Preprocessor</Filter>
    </ClInclude>
    <ClInclude Include="Includes.h">
      <Filter>Pliki nagłówkowe\Preprocessor</Filter>
    </ClInclude>
    <ClInclude Include="ShaderManager.h">
      <Filter>Pliki źródłowe\Shaders</Filter>
    </ClInclude>
    <ClInclude Include="CameraController.h">
      <Filter>Pliki źródłowe\Classes\CameraControllers</Filter>
    </ClInclude>
    <ClInclude Include="FirstPersonCameraController.h">
      <Filter>Pliki źródłowe\Classes\CameraControllers</Filter>
    </ClInclude>
    <ClInclude Include="InputManager.h">
      <Filter>Pliki źródłowe\Classes\CameraControllers</Filter>
    </ClInclude>
    <ClInclude Include="OverviewCameraController.h">
      <Filter>Pliki źródłowe\Classes\CameraControllers</Filter>
    </ClInclude>
    <ClInclude Include="Light.h">
      <Filter>Pliki źródłowe\Classes\Lights</Filter>
    </ClInclude>
    <ClInclude Include="LightDirectional.h">
      <Filter>Pliki źródłowe\Classes\Lights</Filter>
    </ClInclude>
    <ClInclude Include="LightManager.h">
      <Filter>Pliki źródłowe\Classes\Lights</Filter>
    </ClInclude>
    <ClInclude Include="LightPoint.h">
      <Filter>Pliki źródłowe\Classes\Lights</Filter>
    </ClInclude>
    <ClInclude Include="DynamicTerrain.h">
      <Filter>Pliki źródłowe\Classes\Entities\User-defined\Terrains</Filter>
    </ClInclude>
    <ClInclude Include="FlatTerrain.h">
      <Filter>Pliki źródłowe\Classes\Entities\User-defined\Terrains</Filter>
    </ClInclude>
    <ClInclude Include="RandomTerrain.h">
      <Filter>Pliki źródłowe\Classes\Entities\User-defined\Terrains</Filter>
    </ClInclude>
    <ClInclude Include="SimpleTerrain.h">
      <Filter>Pliki źródłowe\Classes\Entities\User-defined\Terrains</Filter>
    </ClInclude>
    <ClInclude Include="Terrain.h">
      <Filter>Pliki źródłowe\Classes\Entities\User-defined\Terrains</Filter>
    </ClInclude>
    <ClInclude Include="WaterTerrain.h">
      <Filter>Pliki źródłowe\Classes\Entities\User-defined\Terrains</Filter>
    </ClInclude>
    <ClInclude Include="Quad.h">
      <Filter>Pliki źródłowe\Classes\Entities\User-defined\Terrains\DynamicQuadtreeLOD</Filter>
    </ClInclude>
    <ClInclude Include="QuadPoint.h">
      <Filter>Pliki źródłowe\Classes\Entities\User-defined\Terrains\DynamicQuadtreeLOD</Filter>
    </ClInclude>
    <ClInclude Include="QuadTreeLOD.h">
      <Filter>Pliki źródłowe\Classes\Entities\User-defined\Terrains\DynamicQuadtreeLOD</Filter>
    </ClInclude>
    <ClInclude Include="InitializationException.h">
      <Filter>Pliki źródłowe\Exceptions</Filter>
    </ClInclude>
    <ClInclude Include="Shader.h">
      <Filter>Pliki źródłowe\Shaders</Filter>
    </ClInclude>
    <ClInclude Include="Skybox.h">
      <Filter>Pliki źródłowe\Classes\Skybox</Filter>
    </ClInclude>
    <ClInclude Include="SimplexNoise.h">
      <Filter>Pliki źródłowe\Classes\Entities\User-defined\Terrains</Filter>
    </ClInclude>
    <ClInclude Include="InputState.h">
      <Filter>Pliki źródłowe\Classes\CameraControllers</Filter>
    </ClInclude>
    <ClInclude Include="SimplexTerrainChunk.h">
      <Filter>Pliki źródłowe\Classes\Entities\User-defined\Terrains</Filter>
    </ClInclude>
    <ClInclude Include="RenderProperties.h">
      <Filter>Pliki źródłowe\Classes\Engine\Engine properties</Filter>
    </ClInclude>
    <ClInclude Include="TimeProperties.h">
      <Filter>Pliki źródłowe\Classes\Engine\Engine properties</Filter>
    </ClInclude>
    <ClInclude Include="ConstProperties.h">
      <Filter>Pliki źródłowe\Classes\Engine\Engine properties</Filter>
    </ClInclude>
    <ClInclude Include="Task.h">
      <Filter>Pliki źródłowe\Classes\Engine\Data processing pipeline</Filter>
    </ClInclude>
    <ClInclude Include="EntityType.h">
      <Filter>Pliki źródłowe\Classes\Entities</Filter>
    </ClInclude>
    <ClInclude Include="RenderedEntityType.h">
      <Filter>Pliki źródłowe\Classes\Entities</Filter>
    </ClInclude>
    <ClInclude Include="LightsManager.h">
      <Filter>Pliki źródłowe\Classes\Lights</Filter>
    </ClInclude>
    <ClInclude Include="SafeTaskQueue.h">
      <Filter>Pliki źródłowe\Classes\Engine\Data processing pipeline</Filter>
    </ClInclude>
    <ClInclude Include="Engine.h">
      <Filter>Pliki źródłowe\Classes\Engine</Filter>
    </ClInclude>
  </ItemGroup>
  <ItemGroup>
    <None Include="SkyBoxFragmentShader.frag">
      <Filter>Pliki źródłowe\Shaders</Filter>
    </None>
    <None Include="SkyBoxVertexShader.vert">
      <Filter>Pliki źródłowe\Shaders</Filter>
    </None>
    <None Include="Shaders\FragmentShader.frag">
      <Filter>Pliki źródłowe\Shaders</Filter>
    </None>
    <None Include="Shaders\LightingFragmentShader.frag">
      <Filter>Pliki źródłowe\Shaders</Filter>
    </None>
    <None Include="Shaders\LightingVertexShader.vert">
      <Filter>Pliki źródłowe\Shaders</Filter>
    </None>
    <None Include="Shaders\VertexShader.vert">
      <Filter>Pliki źródłowe\Shaders</Filter>
    </None>
    <None Include="Shaders\WaterVertexShader.vert">
      <Filter>Pliki źródłowe\Shaders</Filter>
    </None>
  </ItemGroup>
</Project>