<?xml version="1.0" encoding="utf-8"?>
<Project ToolsVersion="4.0" xmlns="http://schemas.microsoft.com/developer/msbuild/2003">
  <ItemGroup>
    <Filter Include="Pliki źródłowe">
      <UniqueIdentifier>{4FC737F1-C7A5-4376-A066-2A32D752A2FF}</UniqueIdentifier>
      <Extensions>cpp;c;cc;cxx;def;odl;idl;hpj;bat;asm;asmx</Extensions>
    </Filter>
    <Filter Include="Pliki nagłówkowe">
      <UniqueIdentifier>{93995380-89BD-4b04-88EB-625FBE52EBFB}</UniqueIdentifier>
      <Extensions>h;hh;hpp;hxx;hm;inl;inc;ipp;xsd</Extensions>
    </Filter>
    <Filter Include="Pliki zasobów">
      <UniqueIdentifier>{67DA6AB6-F800-4c08-8B7A-83BB121AAD01}</UniqueIdentifier>
      <Extensions>rc;ico;cur;bmp;dlg;rc2;rct;bin;rgs;gif;jpg;jpeg;jpe;resx;tiff;tif;png;wav;mfcribbon-ms</Extensions>
    </Filter>
    <Filter Include="Pliki źródłowe\Classes">
      <UniqueIdentifier>{2fa0a9d7-7304-4515-9107-20f9b138173e}</UniqueIdentifier>
    </Filter>
    <Filter Include="Pliki nagłówkowe\Classes">
      <UniqueIdentifier>{01653171-a80f-46c8-b58a-52c97ba217d4}</UniqueIdentifier>
    </Filter>
    <Filter Include="Pliki nagłówkowe\Preprocessor">
      <UniqueIdentifier>{2bad9452-8ec7-4402-bd88-010b59c3a5c8}</UniqueIdentifier>
    </Filter>
    <Filter Include="Pliki nagłówkowe\Exceptions">
      <UniqueIdentifier>{2673a223-7640-4226-8c66-d99f78d9b404}</UniqueIdentifier>
    </Filter>
    <Filter Include="Pliki źródłowe\Exceptions">
      <UniqueIdentifier>{ff6d7cfe-6e5d-4f76-8801-5d31d3295c67}</UniqueIdentifier>
    </Filter>
    <Filter Include="Pliki źródłowe\Shaders">
      <UniqueIdentifier>{e21cf9f9-6634-4e1f-bfd0-87a2579bf165}</UniqueIdentifier>
    </Filter>
    <Filter Include="Pliki źródłowe\Classes\Lights">
      <UniqueIdentifier>{0b49947f-a2d7-47de-a0cc-67c8d165b680}</UniqueIdentifier>
    </Filter>
    <Filter Include="Pliki nagłówkowe\Classes\Lights">
      <UniqueIdentifier>{38bcae43-6ad6-4e75-8274-c585a41650ec}</UniqueIdentifier>
    </Filter>
    <Filter Include="Pliki źródłowe\Classes\CameraControllers">
      <UniqueIdentifier>{febb54d9-8d31-4371-be37-fdc496f72d20}</UniqueIdentifier>
    </Filter>
    <Filter Include="Pliki nagłówkowe\Classes\CameraControllers">
      <UniqueIdentifier>{5dc9929f-04ef-438f-a56c-39b6e985b0e0}</UniqueIdentifier>
    </Filter>
    <Filter Include="Pliki nagłówkowe\Classes\Terrains">
      <UniqueIdentifier>{10911a92-b656-4107-b3ec-8c3be1dac2b2}</UniqueIdentifier>
    </Filter>
    <Filter Include="Pliki źródłowe\Classes\Terrains">
      <UniqueIdentifier>{af978c17-420a-4561-8d76-f7a379388ce3}</UniqueIdentifier>
    </Filter>
    <Filter Include="Pliki nagłówkowe\Classes\Terrains\DynamicQuadtreeLOD">
      <UniqueIdentifier>{3d559768-cfcb-4148-9804-849b9aefcc25}</UniqueIdentifier>
    </Filter>
    <Filter Include="Pliki źródłowe\Classes\Terrains\DynamicQuadtreeLOD">
      <UniqueIdentifier>{63b7bb85-c92a-4d55-b5f1-2f3ae2360ce7}</UniqueIdentifier>
    </Filter>
    <Filter Include="Pliki nagłówkowe\Data Structures">
      <UniqueIdentifier>{bf1d1afd-a415-47e0-b1e3-a748104fa8f9}</UniqueIdentifier>
    </Filter>
  </ItemGroup>
  <ItemGroup>
    <ClCompile Include="InitializationException.cpp">
      <Filter>Pliki źródłowe\Exceptions</Filter>
    </ClCompile>
    <ClCompile Include="Engine.cpp">
      <Filter>Pliki źródłowe\Classes</Filter>
    </ClCompile>
    <ClCompile Include="main.cpp">
      <Filter>Pliki źródłowe</Filter>
    </ClCompile>
    <ClCompile Include="Shader.cpp">
      <Filter>Pliki źródłowe\Classes</Filter>
    </ClCompile>
    <ClCompile Include="Light.cpp">
      <Filter>Pliki źródłowe\Classes\Lights</Filter>
    </ClCompile>
    <ClCompile Include="LightDirectional.cpp">
      <Filter>Pliki źródłowe\Classes\Lights</Filter>
    </ClCompile>
    <ClCompile Include="LightPoint.cpp">
      <Filter>Pliki źródłowe\Classes\Lights</Filter>
    </ClCompile>
    <ClCompile Include="LightManager.cpp">
      <Filter>Pliki źródłowe\Classes\Lights</Filter>
    </ClCompile>
    <ClCompile Include="FirstPersonCameraController.cpp">
      <Filter>Pliki źródłowe\Classes\CameraControllers</Filter>
    </ClCompile>
    <ClCompile Include="CameraController.cpp">
      <Filter>Pliki źródłowe\Classes\CameraControllers</Filter>
    </ClCompile>
    <ClCompile Include="OverviewCameraController.cpp">
      <Filter>Pliki źródłowe\Classes\CameraControllers</Filter>
    </ClCompile>
    <ClCompile Include="Terrain.cpp">
      <Filter>Pliki źródłowe\Classes\Terrains</Filter>
    </ClCompile>
    <ClCompile Include="FlatTerrain.cpp">
      <Filter>Pliki źródłowe\Classes\Terrains</Filter>
    </ClCompile>
    <ClCompile Include="SimpleTerrain.cpp">
      <Filter>Pliki źródłowe\Classes\Terrains</Filter>
    </ClCompile>
    <ClCompile Include="RandomTerrain.cpp">
      <Filter>Pliki źródłowe\Classes\Terrains</Filter>
    </ClCompile>
    <ClCompile Include="WaterTerrain.cpp">
      <Filter>Pliki źródłowe\Classes\Terrains</Filter>
    </ClCompile>
    <ClCompile Include="DynamicTerrain.cpp">
      <Filter>Pliki źródłowe\Classes\Terrains</Filter>
    </ClCompile>
    <ClCompile Include="QuadTreeLOD.cpp">
      <Filter>Pliki źródłowe\Classes\Terrains\DynamicQuadtreeLOD</Filter>
    </ClCompile>
    <ClCompile Include="Quad.cpp">
      <Filter>Pliki źródłowe\Classes\Terrains\DynamicQuadtreeLOD</Filter>
    </ClCompile>
    <ClCompile Include="QuadPoint.cpp">
      <Filter>Pliki źródłowe\Classes\Terrains\DynamicQuadtreeLOD</Filter>
    </ClCompile>
    <ClCompile Include="InputManager.cpp">
      <Filter>Pliki źródłowe\Classes\CameraControllers</Filter>
    </ClCompile>
  </ItemGroup>
  <ItemGroup>
    <ClInclude Include="Quad.h">
      <Filter>Pliki nagłówkowe\Classes\Terrains\DynamicQuadtreeLOD</Filter>
    </ClInclude>
    <ClInclude Include="QuadPoint.h">
      <Filter>Pliki nagłówkowe\Classes\Terrains\DynamicQuadtreeLOD</Filter>
    </ClInclude>
    <ClInclude Include="QuadTreeLOD.h">
      <Filter>Pliki nagłówkowe\Classes\Terrains\DynamicQuadtreeLOD</Filter>
    </ClInclude>
    <ClInclude Include="DynamicTerrain.h">
      <Filter>Pliki nagłówkowe\Classes\Terrains</Filter>
    </ClInclude>
    <ClInclude Include="FlatTerrain.h">
      <Filter>Pliki nagłówkowe\Classes\Terrains</Filter>
    </ClInclude>
    <ClInclude Include="RandomTerrain.h">
      <Filter>Pliki nagłówkowe\Classes\Terrains</Filter>
    </ClInclude>
    <ClInclude Include="SimpleTerrain.h">
      <Filter>Pliki nagłówkowe\Classes\Terrains</Filter>
    </ClInclude>
    <ClInclude Include="Terrain.h">
      <Filter>Pliki nagłówkowe\Classes\Terrains</Filter>
    </ClInclude>
    <ClInclude Include="WaterTerrain.h">
      <Filter>Pliki nagłówkowe\Classes\Terrains</Filter>
    </ClInclude>
    <ClInclude Include="Engine.h">
      <Filter>Pliki nagłówkowe\Classes</Filter>
    </ClInclude>
    <ClInclude Include="Shader.h">
      <Filter>Pliki nagłówkowe\Classes</Filter>
    </ClInclude>
    <ClInclude Include="InitializationException.h">
      <Filter>Pliki nagłówkowe\Exceptions</Filter>
    </ClInclude>
    <ClInclude Include="Constants.h">
      <Filter>Pliki nagłówkowe\Preprocessor</Filter>
    </ClInclude>
    <ClInclude Include="Includes.h">
      <Filter>Pliki nagłówkowe\Preprocessor</Filter>
    </ClInclude>
    <ClInclude Include="Light.h">
      <Filter>Pliki nagłówkowe\Classes\Lights</Filter>
    </ClInclude>
    <ClInclude Include="LightDirectional.h">
      <Filter>Pliki nagłówkowe\Classes\Lights</Filter>
    </ClInclude>
    <ClInclude Include="LightManager.h">
      <Filter>Pliki nagłówkowe\Classes\Lights</Filter>
    </ClInclude>
    <ClInclude Include="LightPoint.h">
      <Filter>Pliki nagłówkowe\Classes\Lights</Filter>
    </ClInclude>
    <ClInclude Include="OverviewCameraController.h">
      <Filter>Pliki nagłówkowe\Classes\CameraControllers</Filter>
    </ClInclude>
    <ClInclude Include="FirstPersonCameraController.h">
      <Filter>Pliki nagłówkowe\Classes\CameraControllers</Filter>
    </ClInclude>
    <ClInclude Include="CameraController.h">
      <Filter>Pliki nagłówkowe\Classes\CameraControllers</Filter>
    </ClInclude>
    <ClInclude Include="InputState.h">
      <Filter>Pliki nagłówkowe\Data Structures</Filter>
    </ClInclude>
    <ClInclude Include="InputManager.h">
      <Filter>Pliki nagłówkowe\Classes\CameraControllers</Filter>
    </ClInclude>
  </ItemGroup>
  <ItemGroup>
    <None Include="Shaders\FragmentShader.frag">
      <Filter>Pliki źródłowe\Shaders</Filter>
    </None>
    <None Include="Shaders\VertexShader.vert">
      <Filter>Pliki źródłowe\Shaders</Filter>
    </None>
    <None Include="Shaders\LightingFragmentShader.frag">
      <Filter>Pliki źródłowe\Shaders</Filter>
    </None>
    <None Include="Shaders\LightingVertexShader.vert">
      <Filter>Pliki źródłowe\Shaders</Filter>
    </None>
    <None Include="Shaders\WaterVertexShader.vert">
      <Filter>Pliki źródłowe\Shaders</Filter>
    </None>
  </ItemGroup>
</Project>