<?xml version="1.0" encoding="utf-8"?>
<Project ToolsVersion="4.0" xmlns="http://schemas.microsoft.com/developer/msbuild/2003">
  <ItemGroup>
    <Filter Include="Pliki źródłowe">
      <UniqueIdentifier>{4FC737F1-C7A5-4376-A066-2A32D752A2FF}</UniqueIdentifier>
      <Extensions>cpp;c;cc;cxx;def;odl;idl;hpj;bat;asm;asmx</Extensions>
    </Filter>
    <Filter Include="Pliki nagłówkowe">
      <UniqueIdentifier>{93995380-89BD-4b04-88EB-625FBE52EBFB}</UniqueIdentifier>
      <Extensions>h;hh;hpp;hxx;hm;inl;inc;ipp;xsd</Extensions>
    </Filter>
    <Filter Include="Pliki zasobów">
      <UniqueIdentifier>{67DA6AB6-F800-4c08-8B7A-83BB121AAD01}</UniqueIdentifier>
      <Extensions>rc;ico;cur;bmp;dlg;rc2;rct;bin;rgs;gif;jpg;jpeg;jpe;resx;tiff;tif;png;wav;mfcribbon-ms</Extensions>
    </Filter>
    <Filter Include="Pliki źródłowe\Engine">
      <UniqueIdentifier>{554a4fec-19c6-4143-a29d-32b5b438f0f0}</UniqueIdentifier>
    </Filter>
    <Filter Include="Pliki źródłowe\App">
      <UniqueIdentifier>{59e944d6-2e4c-471e-b0d8-7148a1d28178}</UniqueIdentifier>
    </Filter>
    <Filter Include="Pliki źródłowe\Engine\Properties">
      <UniqueIdentifier>{a542e1f6-4455-4677-84b6-36efda4b60a9}</UniqueIdentifier>
    </Filter>
    <Filter Include="Pliki źródłowe\Engine\Lights">
      <UniqueIdentifier>{b81147db-7e7f-48ef-8573-59313037eb5a}</UniqueIdentifier>
    </Filter>
    <Filter Include="Pliki źródłowe\Engine\Common">
      <UniqueIdentifier>{9525d49b-7173-452b-a869-c0a94b70ca23}</UniqueIdentifier>
    </Filter>
    <Filter Include="Pliki źródłowe\Engine\Shaders">
      <UniqueIdentifier>{90312e92-f426-4856-90b0-6f2ba59c81d1}</UniqueIdentifier>
    </Filter>
    <Filter Include="Pliki źródłowe\Shaderfiles">
      <UniqueIdentifier>{e21cf9f9-6634-4e1f-bfd0-87a2579bf165}</UniqueIdentifier>
    </Filter>
    <Filter Include="Pliki źródłowe\Engine\Renderables">
      <UniqueIdentifier>{ac576980-1050-43f1-9520-14b63a3181a3}</UniqueIdentifier>
    </Filter>
    <Filter Include="Pliki źródłowe\App\Renderables">
      <UniqueIdentifier>{b1621f4a-86d0-4ce4-bbf6-c6ab18104f28}</UniqueIdentifier>
    </Filter>
    <Filter Include="Pliki źródłowe\App\Renderables\Terrains">
      <UniqueIdentifier>{af978c17-420a-4561-8d76-f7a379388ce3}</UniqueIdentifier>
    </Filter>
    <Filter Include="Pliki źródłowe\App\Renderables\Terrains\DynamicQuadtreeLOD">
      <UniqueIdentifier>{63b7bb85-c92a-4d55-b5f1-2f3ae2360ce7}</UniqueIdentifier>
    </Filter>
    <Filter Include="Pliki źródłowe\Engine\Logger">
      <UniqueIdentifier>{baf3b7b9-dce0-4e2c-95fc-874ad70c9049}</UniqueIdentifier>
    </Filter>
    <Filter Include="Pliki źródłowe\Profiler">
      <UniqueIdentifier>{e80de483-9125-4e63-a3f0-a17195f077f2}</UniqueIdentifier>
    </Filter>
    <Filter Include="Pliki źródłowe\App\Renderables\Terrain">
      <UniqueIdentifier>{63f9f843-b516-4e48-a83e-f7a9c0f8563c}</UniqueIdentifier>
    </Filter>
    <Filter Include="Pliki źródłowe\Engine\Exceptions">
      <UniqueIdentifier>{ff6d7cfe-6e5d-4f76-8801-5d31d3295c67}</UniqueIdentifier>
    </Filter>
    <Filter Include="Pliki źródłowe\App\CameraControllers">
      <UniqueIdentifier>{45ace95a-bea2-42da-a2b7-0075544c6e0b}</UniqueIdentifier>
    </Filter>
    <Filter Include="Pliki źródłowe\Engine\Camera">
      <UniqueIdentifier>{febb54d9-8d31-4371-be37-fdc496f72d20}</UniqueIdentifier>
    </Filter>
    <Filter Include="Pliki nagłówkowe\Include">
      <UniqueIdentifier>{2bad9452-8ec7-4402-bd88-010b59c3a5c8}</UniqueIdentifier>
    </Filter>
    <Filter Include="Pliki źródłowe\Engine\CpuPipeline">
      <UniqueIdentifier>{aaea24b7-2df9-42d7-9a3c-cefb369d4b9f}</UniqueIdentifier>
    </Filter>
  </ItemGroup>
  <ItemGroup>
    <ClCompile Include="tracy\TracyClient.cpp">
      <Filter>Pliki źródłowe\Profiler</Filter>
    </ClCompile>
    <ClCompile Include="src\App\CameraControllers\CameraController.cpp">
      <Filter>Pliki źródłowe\App\CameraControllers</Filter>
    </ClCompile>
    <ClCompile Include="src\App\CameraControllers\FirstPersonCameraController.cpp">
      <Filter>Pliki źródłowe\App\CameraControllers</Filter>
    </ClCompile>
    <ClCompile Include="src\App\CameraControllers\InputManager.cpp">
      <Filter>Pliki źródłowe\App\CameraControllers</Filter>
    </ClCompile>
    <ClCompile Include="src\App\CameraControllers\OverviewCameraController.cpp">
      <Filter>Pliki źródłowe\App\CameraControllers</Filter>
    </ClCompile>
    <ClCompile Include="src\App\Renderables\Terrain\FlatTerrain.cpp">
      <Filter>Pliki źródłowe\App\Renderables\Terrain</Filter>
    </ClCompile>
    <ClCompile Include="src\App\Renderables\Terrain\RandomTerrain.cpp">
      <Filter>Pliki źródłowe\App\Renderables\Terrain</Filter>
    </ClCompile>
    <ClCompile Include="src\App\Renderables\Terrain\SimplexNoise.cpp">
      <Filter>Pliki źródłowe\App\Renderables\Terrain</Filter>
    </ClCompile>
    <ClCompile Include="src\App\Renderables\Terrain\SimplexTerrainChunk.cpp">
      <Filter>Pliki źródłowe\App\Renderables\Terrain</Filter>
    </ClCompile>
    <ClCompile Include="src\App\Renderables\Terrain\SimpleMeshTerrainManager.cpp">
      <Filter>Pliki źródłowe\App\Renderables\Terrain</Filter>
    </ClCompile>
    <ClCompile Include="src\App\Renderables\Terrain\WaterTerrain.cpp">
      <Filter>Pliki źródłowe\App\Renderables\Terrain</Filter>
    </ClCompile>
    <ClCompile Include="src\App\Renderables\TerrainTmp\Quad.cpp">
      <Filter>Pliki źródłowe\App\Renderables\Terrains\DynamicQuadtreeLOD</Filter>
    </ClCompile>
    <ClCompile Include="src\App\Renderables\TerrainTmp\QuadPoint.cpp">
      <Filter>Pliki źródłowe\App\Renderables\Terrains\DynamicQuadtreeLOD</Filter>
    </ClCompile>
    <ClCompile Include="src\App\Renderables\TerrainTmp\QuadTreeLOD.cpp">
      <Filter>Pliki źródłowe\App\Renderables\Terrains\DynamicQuadtreeLOD</Filter>
    </ClCompile>
    <ClCompile Include="src\App\Renderables\TerrainTmp\_FlatTerrain.cpp">
      <Filter>Pliki źródłowe\App\Renderables\Terrains</Filter>
    </ClCompile>
    <ClCompile Include="src\App\Renderables\TerrainTmp\_Terrain.cpp">
      <Filter>Pliki źródłowe\App\Renderables\Terrains</Filter>
    </ClCompile>
    <ClCompile Include="src\App\Renderables\TerrainTmp\DynamicTerrain.cpp">
      <Filter>Pliki źródłowe\App\Renderables\Terrains</Filter>
    </ClCompile>
    <ClCompile Include="src\App\Renderables\TerrainTmp\SimpleTerrain.cpp">
      <Filter>Pliki źródłowe\App\Renderables\Terrains</Filter>
    </ClCompile>
    <ClCompile Include="src\App\Renderables\TestEntity.cpp">
      <Filter>Pliki źródłowe\App\Renderables</Filter>
    </ClCompile>
    <ClCompile Include="src\App\main.cpp">
      <Filter>Pliki źródłowe\App</Filter>
    </ClCompile>
    <ClCompile Include="src\Engine\Common\Mesh.cpp">
      <Filter>Pliki źródłowe\Engine\Common</Filter>
    </ClCompile>
    <ClCompile Include="src\Engine\Exceptions\InitializationException.cpp">
      <Filter>Pliki źródłowe\Engine\Exceptions</Filter>
    </ClCompile>
    <ClCompile Include="src\Engine\Lights\Light.cpp">
      <Filter>Pliki źródłowe\Engine\Lights</Filter>
    </ClCompile>
    <ClCompile Include="src\Engine\Lights\LightDirectional.cpp">
      <Filter>Pliki źródłowe\Engine\Lights</Filter>
    </ClCompile>
    <ClCompile Include="src\Engine\Lights\LightPoint.cpp">
      <Filter>Pliki źródłowe\Engine\Lights</Filter>
    </ClCompile>
    <ClCompile Include="src\Engine\Logger\Logger.cpp">
      <Filter>Pliki źródłowe\Engine\Logger</Filter>
    </ClCompile>
    <ClCompile Include="src\Engine\Shaders\Shader.cpp">
      <Filter>Pliki źródłowe\Engine\Shaders</Filter>
    </ClCompile>
    <ClCompile Include="src\Engine\Shaders\ShaderManager.cpp">
      <Filter>Pliki źródłowe\Engine\Shaders</Filter>
    </ClCompile>
    <ClCompile Include="src\Engine\Engine.cpp">
      <Filter>Pliki źródłowe\Engine</Filter>
    </ClCompile>
    <ClCompile Include="src\App\Renderables\Skybox.cpp">
      <Filter>Pliki źródłowe\App\Renderables</Filter>
    </ClCompile>
    <ClCompile Include="src\Engine\CpuPipeline\IProcessable.cpp">
      <Filter>Pliki źródłowe\Engine\Renderables</Filter>
    </ClCompile>
    <ClCompile Include="src\Engine\Camera\Camera.cpp">
      <Filter>Pliki źródłowe\Engine\Camera</Filter>
    </ClCompile>
    <ClCompile Include="imgui\imgui.cpp">
      <Filter>Pliki źródłowe</Filter>
    </ClCompile>
    <ClCompile Include="imgui\imgui_demo.cpp">
      <Filter>Pliki źródłowe</Filter>
    </ClCompile>
    <ClCompile Include="imgui\imgui_draw.cpp">
      <Filter>Pliki źródłowe</Filter>
    </ClCompile>
    <ClCompile Include="imgui\imgui_tables.cpp">
      <Filter>Pliki źródłowe</Filter>
    </ClCompile>
    <ClCompile Include="imgui\imgui_widgets.cpp">
      <Filter>Pliki źródłowe</Filter>
    </ClCompile>
    <ClCompile Include="imgui\imgui_impl_glfw.cpp">
      <Filter>Pliki źródłowe</Filter>
    </ClCompile>
    <ClCompile Include="imgui\imgui_impl_opengl3.cpp">
      <Filter>Pliki źródłowe</Filter>
    </ClCompile>
    <ClCompile Include="src\App\Renderables\BaseGui.cpp">
      <Filter>Pliki źródłowe</Filter>
    </ClCompile>
    <ClCompile Include="src\Engine\CpuPipeline\ProcessableQueue.cpp">
      <Filter>Pliki źródłowe</Filter>
    </ClCompile>
    <ClCompile Include="src\App\Renderables\Sphere.cpp">
      <Filter>Pliki źródłowe</Filter>
    </ClCompile>
    <ClCompile Include="src\App\Renderables\LodTerrain\SingleMeshLodTerrain.cpp">
      <Filter>Pliki źródłowe</Filter>
    </ClCompile>
    <ClCompile Include="src\App\Renderables\LodTerrain\Heightmap.cpp">
      <Filter>Pliki źródłowe</Filter>
    </ClCompile>
    <ClCompile Include="src\Engine\Common\ImageLibWrapper.cpp">
      <Filter>Pliki źródłowe</Filter>
    </ClCompile>
    <ClCompile Include="src\App\Renderables\Framebuffer.cpp">
      <Filter>Pliki źródłowe</Filter>
    </ClCompile>
    <ClCompile Include="src\App\CameraControllers\CameraManager.cpp">
      <Filter>Pliki źródłowe</Filter>
    </ClCompile>
    <ClCompile Include="src\App\CameraControllers\MenuUseCameraController.cpp">
      <Filter>Pliki źródłowe</Filter>
    </ClCompile>
    <ClCompile Include="src\Engine\MessageBus\MessageBus.cpp">
      <Filter>Pliki źródłowe</Filter>
    </ClCompile>
    <ClCompile Include="src\Engine\MessageBus\IMessanger.cpp">
      <Filter>Pliki źródłowe</Filter>
    </ClCompile>
    <ClCompile Include="src\App\Renderables\GuiEntityManager\EntityManager.cpp">
      <Filter>Pliki źródłowe</Filter>
    </ClCompile>
  </ItemGroup>
  <ItemGroup>
    <ClInclude Include="src\App\CameraControllers\CameraController.h">
      <Filter>Pliki źródłowe\App\CameraControllers</Filter>
    </ClInclude>
    <ClInclude Include="src\App\CameraControllers\FirstPersonCameraController.h">
      <Filter>Pliki źródłowe\App\CameraControllers</Filter>
    </ClInclude>
    <ClInclude Include="src\App\CameraControllers\InputManager.h">
      <Filter>Pliki źródłowe\App\CameraControllers</Filter>
    </ClInclude>
    <ClInclude Include="src\App\CameraControllers\InputState.h">
      <Filter>Pliki źródłowe\App\CameraControllers</Filter>
    </ClInclude>
    <ClInclude Include="src\App\CameraControllers\OverviewCameraController.h">
      <Filter>Pliki źródłowe\App\CameraControllers</Filter>
    </ClInclude>
    <ClInclude Include="src\App\Renderables\Terrain\FlatTerrain.h">
      <Filter>Pliki źródłowe\App\Renderables\Terrain</Filter>
    </ClInclude>
    <ClInclude Include="src\App\Renderables\Terrain\RandomTerrain.h">
      <Filter>Pliki źródłowe\App\Renderables\Terrain</Filter>
    </ClInclude>
    <ClInclude Include="src\App\Renderables\Terrain\SimplexNoise.h">
      <Filter>Pliki źródłowe\App\Renderables\Terrain</Filter>
    </ClInclude>
    <ClInclude Include="src\App\Renderables\Terrain\SimplexTerrainChunk.h">
      <Filter>Pliki źródłowe\App\Renderables\Terrain</Filter>
    </ClInclude>
    <ClInclude Include="src\App\Renderables\Terrain\SimpleMeshTerrainManager.h">
      <Filter>Pliki źródłowe\App\Renderables\Terrain</Filter>
    </ClInclude>
    <ClInclude Include="src\App\Renderables\Terrain\WaterTerrain.h">
      <Filter>Pliki źródłowe\App\Renderables\Terrain</Filter>
    </ClInclude>
    <ClInclude Include="src\App\Renderables\TerrainTmp\Quad.h">
      <Filter>Pliki źródłowe\App\Renderables\Terrains\DynamicQuadtreeLOD</Filter>
    </ClInclude>
    <ClInclude Include="src\App\Renderables\TerrainTmp\QuadPoint.h">
      <Filter>Pliki źródłowe\App\Renderables\Terrains\DynamicQuadtreeLOD</Filter>
    </ClInclude>
    <ClInclude Include="src\App\Renderables\TerrainTmp\QuadTreeLOD.h">
      <Filter>Pliki źródłowe\App\Renderables\Terrains\DynamicQuadtreeLOD</Filter>
    </ClInclude>
    <ClInclude Include="src\App\Renderables\TerrainTmp\_FlatTerrain.h">
      <Filter>Pliki źródłowe\App\Renderables\Terrains</Filter>
    </ClInclude>
    <ClInclude Include="src\App\Renderables\TerrainTmp\_Terrain.h">
      <Filter>Pliki źródłowe\App\Renderables\Terrains</Filter>
    </ClInclude>
    <ClInclude Include="src\App\Renderables\TerrainTmp\DynamicTerrain.h">
      <Filter>Pliki źródłowe\App\Renderables\Terrains</Filter>
    </ClInclude>
    <ClInclude Include="src\App\Renderables\TerrainTmp\SimpleTerrain.h">
      <Filter>Pliki źródłowe\App\Renderables\Terrains</Filter>
    </ClInclude>
    <ClInclude Include="src\App\Renderables\TestEntity.h">
      <Filter>Pliki źródłowe\App\Renderables</Filter>
    </ClInclude>
    <ClInclude Include="src\Engine\Common\Mesh.h">
      <Filter>Pliki źródłowe\Engine\Common</Filter>
    </ClInclude>
    <ClInclude Include="src\Engine\Common\Vao.h">
      <Filter>Pliki źródłowe\Engine\Common</Filter>
    </ClInclude>
    <ClInclude Include="src\Engine\Common\Vbo.h">
      <Filter>Pliki źródłowe\Engine\Common</Filter>
    </ClInclude>
    <ClInclude Include="src\Engine\CpuPipeline\Task.h">
      <Filter>Pliki źródłowe\Engine\CpuPipeline</Filter>
    </ClInclude>
    <ClInclude Include="src\Engine\Exceptions\InitializationException.h">
      <Filter>Pliki źródłowe\Engine\Exceptions</Filter>
    </ClInclude>
    <ClInclude Include="src\Engine\Lights\Light.h">
      <Filter>Pliki źródłowe\Engine\Lights</Filter>
    </ClInclude>
    <ClInclude Include="src\Engine\Lights\LightDirectional.h">
      <Filter>Pliki źródłowe\Engine\Lights</Filter>
    </ClInclude>
    <ClInclude Include="src\Engine\Lights\LightPoint.h">
      <Filter>Pliki źródłowe\Engine\Lights</Filter>
    </ClInclude>
    <ClInclude Include="src\Engine\Logger\Logger.h">
      <Filter>Pliki źródłowe\Engine\Logger</Filter>
    </ClInclude>
    <ClInclude Include="src\Engine\Properties\ConstProperties.h">
      <Filter>Pliki źródłowe\Engine\Properties</Filter>
    </ClInclude>
    <ClInclude Include="src\Engine\Properties\RenderProperties.h">
      <Filter>Pliki źródłowe\Engine\Properties</Filter>
    </ClInclude>
    <ClInclude Include="src\Engine\Properties\TimeProperties.h">
      <Filter>Pliki źródłowe\Engine\Properties</Filter>
    </ClInclude>
    <ClInclude Include="src\Engine\Shaders\Shader.h">
      <Filter>Pliki źródłowe\Engine\Shaders</Filter>
    </ClInclude>
    <ClInclude Include="src\Engine\Shaders\ShaderManager.h">
      <Filter>Pliki źródłowe\Engine\Shaders</Filter>
    </ClInclude>
    <ClInclude Include="src\Engine\Engine.h">
      <Filter>Pliki źródłowe\Engine</Filter>
    </ClInclude>
    <ClInclude Include="src\App\Renderables\Skybox.h">
      <Filter>Pliki źródłowe\App\Renderables</Filter>
    </ClInclude>
    <ClInclude Include="src\Engine\CpuPipeline\IProcessable.h">
      <Filter>Pliki źródłowe\Engine\Renderables</Filter>
    </ClInclude>
    <ClInclude Include="src\Engine\Camera\Camera.h">
      <Filter>Pliki źródłowe\Engine\Camera</Filter>
    </ClInclude>
    <ClInclude Include="src\Engine\Include\Common.h">
      <Filter>Pliki nagłówkowe\Include</Filter>
    </ClInclude>
    <ClInclude Include="src\Engine\Include\Constants.h">
      <Filter>Pliki nagłówkowe\Include</Filter>
    </ClInclude>
    <ClInclude Include="src\Engine\Include\Includes.h">
      <Filter>Pliki nagłówkowe\Include</Filter>
    </ClInclude>
    <ClInclude Include="src\App\Renderables\Terrain\Terrain.h">
      <Filter>Pliki nagłówkowe</Filter>
    </ClInclude>
    <ClInclude Include="imgui\imconfig.h">
      <Filter>Pliki nagłówkowe</Filter>
    </ClInclude>
    <ClInclude Include="imgui\imgui.h">
      <Filter>Pliki nagłówkowe</Filter>
    </ClInclude>
    <ClInclude Include="imgui\imgui_internal.h">
      <Filter>Pliki nagłówkowe</Filter>
    </ClInclude>
    <ClInclude Include="imgui\imstb_rectpack.h">
      <Filter>Pliki nagłówkowe</Filter>
    </ClInclude>
    <ClInclude Include="imgui\imstb_textedit.h">
      <Filter>Pliki nagłówkowe</Filter>
    </ClInclude>
    <ClInclude Include="imgui\imstb_truetype.h">
      <Filter>Pliki nagłówkowe</Filter>
    </ClInclude>
    <ClInclude Include="imgui\imgui_impl_opengl3.h">
      <Filter>Pliki nagłówkowe</Filter>
    </ClInclude>
    <ClInclude Include="imgui\imgui_impl_glfw.h">
      <Filter>Pliki nagłówkowe</Filter>
    </ClInclude>
    <ClInclude Include="src\App\Renderables\BaseGui.h">
      <Filter>Pliki nagłówkowe</Filter>
    </ClInclude>
    <ClInclude Include="src\Engine\CpuPipeline\ProcessableQueue.h">
      <Filter>Pliki nagłówkowe</Filter>
    </ClInclude>
    <ClInclude Include="src\App\Renderables\Terrain\SimplexNoiseWrapper.h">
      <Filter>Pliki nagłówkowe</Filter>
    </ClInclude>
    <ClInclude Include="src\App\Renderables\Sphere.h">
      <Filter>Pliki nagłówkowe</Filter>
    </ClInclude>
    <ClInclude Include="src\App\Renderables\LodTerrain\SingleMeshLodTerrain.h">
      <Filter>Pliki nagłówkowe</Filter>
    </ClInclude>
    <ClInclude Include="src\App\Renderables\LodTerrain\QuadTerrainNode.h">
      <Filter>Pliki nagłówkowe</Filter>
    </ClInclude>
    <ClInclude Include="src\App\Renderables\LodTerrain\Heightmap.h">
      <Filter>Pliki nagłówkowe</Filter>
    </ClInclude>
    <ClInclude Include="src\Engine\Common\ImageLibWrapper.h">
      <Filter>Pliki nagłówkowe</Filter>
    </ClInclude>
    <ClInclude Include="src\App\Renderables\Framebuffer.h">
      <Filter>Pliki nagłówkowe</Filter>
    </ClInclude>
    <ClInclude Include="src\App\CameraControllers\CameraManager.h">
      <Filter>Pliki nagłówkowe</Filter>
    </ClInclude>
    <ClInclude Include="src\App\CameraControllers\KeyState.h">
      <Filter>Pliki nagłówkowe</Filter>
    </ClInclude>
    <ClInclude Include="src\App\CameraControllers\MenuUseCameraController.h">
      <Filter>Pliki nagłówkowe</Filter>
    </ClInclude>
    <ClInclude Include="src\Engine\MessageBus\MessageBus.h">
      <Filter>Pliki nagłówkowe</Filter>
    </ClInclude>
    <ClInclude Include="src\Engine\MessageBus\Message.h">
      <Filter>Pliki nagłówkowe</Filter>
    </ClInclude>
    <ClInclude Include="src\Engine\MessageBus\IMessanger.h">
      <Filter>Pliki nagłówkowe</Filter>
    </ClInclude>
    <ClInclude Include="src\App\Renderables\GuiEntityManager\EntityManager.h">
      <Filter>Pliki nagłówkowe</Filter>
    </ClInclude>
    <ClInclude Include="src\App\Renderables\GuiEntityManager\FundamentalProperty.h">
      <Filter>Pliki nagłówkowe</Filter>
    </ClInclude>
    <ClInclude Include="src\Engine\MessageBus\MessageRecipient.h">
      <Filter>Pliki nagłówkowe</Filter>
    </ClInclude>
    <ClInclude Include="src\App\Renderables\GuiEntityManager\PropertyRegisterMessage.h">
      <Filter>Pliki nagłówkowe</Filter>
    </ClInclude>
    <ClInclude Include="src\App\Renderables\GuiEntityManager\OnPropertyChangeMessage.h">
      <Filter>Pliki nagłówkowe</Filter>
    </ClInclude>
    <ClInclude Include="src\App\Renderables\GuiEntityManager\Property.h">
      <Filter>Pliki nagłówkowe</Filter>
    </ClInclude>
  </ItemGroup>
  <ItemGroup>
    <None Include="tracy\profiler\build\win32\x64\Debug\Tracy.exe">
      <Filter>Pliki źródłowe\Profiler</Filter>
    </None>
    <None Include="src\Shaderfiles\FragmentShader.frag">
      <Filter>Pliki źródłowe\Shaderfiles</Filter>
    </None>
    <None Include="src\Shaderfiles\LightingFragmentShader.frag">
      <Filter>Pliki źródłowe\Shaderfiles</Filter>
    </None>
    <None Include="src\Shaderfiles\LightingVertexShader.vert">
      <Filter>Pliki źródłowe\Shaderfiles</Filter>
    </None>
    <None Include="src\Shaderfiles\VertexShader.vert">
      <Filter>Pliki źródłowe\Shaderfiles</Filter>
    </None>
    <None Include="src\Shaderfiles\WaterVertexShader.vert">
      <Filter>Pliki źródłowe\Shaderfiles</Filter>
    </None>
    <None Include="src\Shaderfiles\SkyboxVertexShader.vert" />
    <None Include="src\Shaderfiles\SkyboxFragmentShader.frag" />
    <None Include="tracy\capture\build\win32\x64\Debug\capture.exe" />
    <None Include="src\Shaderfiles\TerrainLod.frag" />
    <None Include="src\Shaderfiles\TerrainLod.vert" />
    <None Include="src\Shaderfiles\HeightmapGenerationShader.comp" />
    <None Include="src\Shaderfiles\TerrainLod.tese" />
    <None Include="src\Shaderfiles\TerrainLod.tesc" />
    <None Include="src\Shaderfiles\FramebufferShader.frag" />
    <None Include="src\Shaderfiles\FramebufferShader.vert" />
  </ItemGroup>
</Project>